{
    "version": 3,
    "terraform_version": "0.11.8",
    "serial": 34,
    "lineage": "6b0561f8-7096-edd7-d494-f9947a73f0fe",
    "modules": [
        {
            "path": [
                "root"
            ],
            "outputs": {},
            "resources": {
                "aws_s3_bucket.bucket-fabricio": {
                    "type": "aws_s3_bucket",
                    "depends_on": [],
                    "primary": {
                        "id": "buckets3-terraform-fabricio",
                        "attributes": {
                            "acceleration_status": "",
                            "acl": "public-read",
                            "arn": "arn:aws:s3:::buckets3-terraform-fabricio",
                            "bucket": "buckets3-terraform-fabricio",
                            "bucket_domain_name": "buckets3-terraform-fabricio.s3.amazonaws.com",
                            "bucket_regional_domain_name": "buckets3-terraform-fabricio.s3.amazonaws.com",
                            "cors_rule.#": "0",
                            "force_destroy": "false",
                            "hosted_zone_id": "Z3AQBSTGFYJSTF",
                            "id": "buckets3-terraform-fabricio",
                            "logging.#": "0",
                            "region": "us-east-1",
                            "replication_configuration.#": "0",
                            "request_payer": "BucketOwner",
                            "server_side_encryption_configuration.#": "0",
                            "tags.%": "0",
                            "versioning.#": "1",
                            "versioning.0.enabled": "false",
                            "versioning.0.mfa_delete": "false",
                            "website.#": "1",
                            "website.0.error_document": "error.html",
                            "website.0.index_document": "index.html",
                            "website.0.redirect_all_requests_to": "",
                            "website.0.routing_rules": "",
                            "website_domain": "s3-website-us-east-1.amazonaws.com",
                            "website_endpoint": "buckets3-terraform-fabricio.s3-website-us-east-1.amazonaws.com"
                        },
                        "meta": {},
                        "tainted": false
                    },
                    "deposed": [],
                    "provider": "provider.aws"
                },
                "aws_s3_bucket_object.buckets3-terraform-index": {
                    "type": "aws_s3_bucket_object",
                    "depends_on": [
                        "aws_s3_bucket.bucket-fabricio"
                    ],
                    "primary": {
                        "id": "index.html",
                        "attributes": {
                            "acl": "public-read",
                            "bucket": "buckets3-terraform-fabricio",
                            "cache_control": "",
                            "content_disposition": "",
                            "content_encoding": "",
                            "content_language": "",
                            "content_type": "text/html",
                            "etag": "75bece5d1c927d6c757e5ba6ff6a7567",
                            "id": "index.html",
                            "key": "index.html",
                            "server_side_encryption": "",
                            "source": "./index.html",
                            "storage_class": "STANDARD",
                            "tags.%": "0",
                            "version_id": "",
                            "website_redirect": ""
                        },
                        "meta": {},
                        "tainted": false
                    },
                    "deposed": [],
                    "provider": "provider.aws"
                },
                "aws_subnet.subnet1": {
                    "type": "aws_subnet",
                    "depends_on": [
                        "aws_vpc.VPC_Terraform"
                    ],
                    "primary": {
                        "id": "subnet-0b6f223f7b8466462",
                        "attributes": {
                            "arn": "arn:aws:ec2:us-east-1:796880136785:subnet/subnet-0b6f223f7b8466462",
                            "assign_ipv6_address_on_creation": "false",
                            "availability_zone": "us-east-1e",
                            "cidr_block": "10.20.0.0/24",
                            "id": "subnet-0b6f223f7b8466462",
                            "map_public_ip_on_launch": "false",
                            "tags.%": "1",
                            "tags.Name": "Subnet1",
                            "vpc_id": "vpc-008d47fa4d8447a4b"
                        },
                        "meta": {
                            "schema_version": "1"
                        },
                        "tainted": false
                    },
                    "deposed": [],
                    "provider": "provider.aws"
                },
                "aws_vpc.VPC_Terraform": {
                    "type": "aws_vpc",
                    "depends_on": [],
                    "primary": {
                        "id": "vpc-008d47fa4d8447a4b",
                        "attributes": {
                            "arn": "arn:aws:ec2:us-east-1:796880136785:vpc/vpc-008d47fa4d8447a4b",
                            "assign_generated_ipv6_cidr_block": "false",
                            "cidr_block": "10.20.0.0/16",
                            "default_network_acl_id": "acl-0f9dad039426fe1e1",
                            "default_route_table_id": "rtb-0f80b14c54f678e9b",
                            "default_security_group_id": "sg-05161a0eb4b2736bc",
                            "dhcp_options_id": "dopt-1655276d",
                            "enable_classiclink": "false",
                            "enable_classiclink_dns_support": "false",
                            "enable_dns_hostnames": "false",
                            "enable_dns_support": "true",
                            "id": "vpc-008d47fa4d8447a4b",
                            "instance_tenancy": "default",
                            "main_route_table_id": "rtb-0f80b14c54f678e9b",
                            "tags.%": "2",
                            "tags.Location": "N. Virginia",
                            "tags.Name": "VPC_Terraform"
                        },
                        "meta": {
                            "schema_version": "1"
                        },
                        "tainted": false
                    },
                    "deposed": [],
                    "provider": "provider.aws"
                }
            },
            "depends_on": []
        }
    ]
}
